
Microsoft Visual Studio Solution File, Format Version 12.00
# Visual Studio Version 17
VisualStudioVersion = 17.6.33815.320
MinimumVisualStudioVersion = 10.0.40219.1
Project("{FAE04EC0-301F-11D3-BF4B-00C04F79EFBC}") = "OOP.consoleExample", "OOP.consoleExample\OOP.consoleExample.csproj", "{89E88B11-0553-40E0-A624-82BB233200EA}"
EndProject
Project("{FAE04EC0-301F-11D3-BF4B-00C04F79EFBC}") = "AudioManager", "AudioManager\AudioManager.csproj", "{1BFCC31C-6BE2-40C0-865B-CCD8B5EEFC20}"
EndProject
Global
	GlobalSection(SolutionConfigurationPlatforms) = preSolution
		Debug|Any CPU = Debug|Any CPU
		Release|Any CPU = Release|Any CPU
	EndGlobalSection
	GlobalSection(ProjectConfigurationPlatforms) = postSolution
		{89E88B11-0553-40E0-A624-82BB233200EA}.Debug|Any CPU.ActiveCfg = Debug|Any CPU
		{89E88B11-0553-40E0-A624-82BB233200EA}.Debug|Any CPU.Build.0 = Debug|Any CPU
		{89E88B11-0553-40E0-A624-82BB233200EA}.Release|Any CPU.ActiveCfg = Release|Any CPU
		{89E88B11-0553-40E0-A624-82BB233200EA}.Release|Any CPU.Build.0 = Release|Any CPU
		{1BFCC31C-6BE2-40C0-865B-CCD8B5EEFC20}.Debug|Any CPU.ActiveCfg = Debug|Any CPU
		{1BFCC31C-6BE2-40C0-865B-CCD8B5EEFC20}.Debug|Any CPU.Build.0 = Debug|Any CPU
		{1BFCC31C-6BE2-40C0-865B-CCD8B5EEFC20}.Release|Any CPU.ActiveCfg = Release|Any CPU
		{1BFCC31C-6BE2-40C0-865B-CCD8B5EEFC20}.Release|Any CPU.Build.0 = Release|Any CPU
	EndGlobalSection
	GlobalSection(SolutionProperties) = preSolution
		HideSolutionNode = FALSE
	EndGlobalSection
	GlobalSection(ExtensibilityGlobals) = postSolution
		SolutionGuid = {7F8FFA6B-1524-421C-9E25-AA45371573C3}
	EndGlobalSection
EndGlobal
